
Microsoft Visual Studio Solution File, Format Version 12.00
# Visual Studio Version 16
VisualStudioVersion = 16.0.32106.194
MinimumVisualStudioVersion = 10.0.40219.1
Project("{FAE04EC0-301F-11D3-BF4B-00C04F79EFBC}") = "LoginAttacks", "LoginAttacks\LoginAttacks.csproj", "{800AD101-141F-4E2A-9152-3B8095306A25}"
EndProject
Global
	GlobalSection(SolutionConfigurationPlatforms) = preSolution
		Debug|Any CPU = Debug|Any CPU
		Release|Any CPU = Release|Any CPU
	EndGlobalSection
	GlobalSection(ProjectConfigurationPlatforms) = postSolution
		{800AD101-141F-4E2A-9152-3B8095306A25}.Debug|Any CPU.ActiveCfg = Debug|Any CPU
		{800AD101-141F-4E2A-9152-3B8095306A25}.Debug|Any CPU.Build.0 = Debug|Any CPU
		{800AD101-141F-4E2A-9152-3B8095306A25}.Release|Any CPU.ActiveCfg = Release|Any CPU
		{800AD101-141F-4E2A-9152-3B8095306A25}.Release|Any CPU.Build.0 = Release|Any CPU
	EndGlobalSection
	GlobalSection(SolutionProperties) = preSolution
		HideSolutionNode = FALSE
	EndGlobalSection
	GlobalSection(ExtensibilityGlobals) = postSolution
		SolutionGuid = {E765D0B7-3793-4F99-A090-3645C2919400}
	EndGlobalSection
EndGlobal
